%{
  "bunt": {:hex, :bunt, "0.2.0", "951c6e801e8b1d2cbe58ebbd3e616a869061ddadcc4863d0a2182541acae9a38", [:mix], []},
  "certifi": {:hex, :certifi, "2.3.1", "d0f424232390bf47d82da8478022301c561cf6445b5b5fb6a84d49a9e76d2639", [:rebar3], [{:parse_trans, "3.2.0", [hex: :parse_trans, optional: false]}]},
  "credo": {:hex, :credo, "0.10.0", "66234a95effaf9067edb19fc5d0cd5c6b461ad841baac42467afed96c78e5e9e", [:mix], [{:bunt, "~> 0.2.0", [hex: :bunt, optional: false]}, {:jason, "~> 1.0", [hex: :jason, optional: false]}]},
  "ex2ms": {:hex, :ex2ms, "1.5.0", "19e27f9212be9a96093fed8cdfbef0a2b56c21237196d26760f11dfcfae58e97", [:mix], []},
  "ex_shards": {:hex, :ex_shards, "0.2.1", "65c14d5ae71d6c4b617531f29923f8e57007e5b9874c100a11163c55ec0c7b21", [:mix], [{:ex2ms, "~> 1.4", [hex: :ex2ms, optional: false]}, {:shards, "~> 0.5", [hex: :shards, optional: false]}]},
  "hackney": {:hex, :hackney, "1.13.0", "24edc8cd2b28e1c652593833862435c80661834f6c9344e84b6a2255e7aeef03", [:rebar3], [{:certifi, "2.3.1", [hex: :certifi, optional: false]}, {:idna, "5.1.2", [hex: :idna, optional: false]}, {:metrics, "1.0.1", [hex: :metrics, optional: false]}, {:mimerl, "1.0.2", [hex: :mimerl, optional: false]}, {:ssl_verify_fun, "1.1.1", [hex: :ssl_verify_fun, optional: false]}]},
  "httpoison": {:hex, :httpoison, "1.3.0", "edfd6ca53b57377a7a8db226bc42a2bddfeb39951c61ddfe15ec930225e6e46b", [:mix], [{:hackney, "~> 1.8", [hex: :hackney, optional: false]}]},
  "idna": {:hex, :idna, "5.1.2", "e21cb58a09f0228a9e0b95eaa1217f1bcfc31a1aaa6e1fdf2f53a33f7dbd9494", [:rebar3], [{:unicode_util_compat, "0.3.1", [hex: :unicode_util_compat, optional: false]}]},
  "jason": {:hex, :jason, "1.1.1", "d3ccb840dfb06f2f90a6d335b536dd074db748b3e7f5b11ab61d239506585eb2", [:mix], [{:decimal, "~> 1.0", [hex: :decimal, optional: true]}]},
  "metrics": {:hex, :metrics, "1.0.1", "25f094dea2cda98213cecc3aeff09e940299d950904393b2a29d191c346a8486", [:rebar3], []},
  "mimerl": {:hex, :mimerl, "1.0.2", "993f9b0e084083405ed8252b99460c4f0563e41729ab42d9074fd5e52439be88", [:rebar3], []},
  "nebulex": {:hex, :nebulex, "1.0.0-rc.3", "466075e1060f9dc523c72ae8f723608330aed161efa65fa2d8fb5533fb87de0b", [:mix], [{:ex_shards, "~> 0.2", [hex: :ex_shards, optional: false]}]},
  "parse_trans": {:hex, :parse_trans, "3.2.0", "2adfa4daf80c14dc36f522cf190eb5c4ee3e28008fc6394397c16f62a26258c2", [:rebar3], []},
  "poison": {:hex, :poison, "3.1.0", "d9eb636610e096f86f25d9a46f35a9facac35609a7591b3be3326e99a0484665", [:mix], [], "hexpm"},
  "shards": {:hex, :shards, "0.5.1", "ef01b0f32dfdd84b52aa02f08e1d33e107659803c2f227574d68dd96883da52a", [:make, :rebar3], []},
  "ssl_verify_fun": {:hex, :ssl_verify_fun, "1.1.1", "28a4d65b7f59893bc2c7de786dec1e1555bd742d336043fe644ae956c3497fbe", [:make, :rebar], []},
  "unicode_util_compat": {:hex, :unicode_util_compat, "0.3.1", "a1f612a7b512638634a603c8f401892afbf99b8ce93a45041f8aaca99cadb85e", [:rebar3], []},
}
